// !$*UTF8*$!
{
	archiveVersion = 1;
	classes = {
	};
	objectVersion = 55;
	objects = {

/* Begin PBXBuildFile section */
		365207F728D879B8000B86B1 /* AppDelegate.swift in Sources */ = {isa = PBXBuildFile; fileRef = 365207F628D879B8000B86B1 /* AppDelegate.swift */; };
		365207F928D879B8000B86B1 /* SceneDelegate.swift in Sources */ = {isa = PBXBuildFile; fileRef = 365207F828D879B8000B86B1 /* SceneDelegate.swift */; };
		365207FB28D879B8000B86B1 /* ViewController.swift in Sources */ = {isa = PBXBuildFile; fileRef = 365207FA28D879B8000B86B1 /* ViewController.swift */; };
		365207FE28D879B8000B86B1 /* Main.storyboard in Resources */ = {isa = PBXBuildFile; fileRef = 365207FC28D879B8000B86B1 /* Main.storyboard */; };
		3652080028D879BB000B86B1 /* Assets.xcassets in Resources */ = {isa = PBXBuildFile; fileRef = 365207FF28D879BB000B86B1 /* Assets.xcassets */; };
		3652080328D879BB000B86B1 /* LaunchScreen.storyboard in Resources */ = {isa = PBXBuildFile; fileRef = 3652080128D879BB000B86B1 /* LaunchScreen.storyboard */; };
		3652080E28D879BB000B86B1 /* GithubTestingTests.swift in Sources */ = {isa = PBXBuildFile; fileRef = 3652080D28D879BB000B86B1 /* GithubTestingTests.swift */; };
		3652081828D879BB000B86B1 /* GithubTestingUITests.swift in Sources */ = {isa = PBXBuildFile; fileRef = 3652081728D879BB000B86B1 /* GithubTestingUITests.swift */; };
		3652081A28D879BB000B86B1 /* GithubTestingUITestsLaunchTests.swift in Sources */ = {isa = PBXBuildFile; fileRef = 3652081928D879BB000B86B1 /* GithubTestingUITestsLaunchTests.swift */; };
/* End PBXBuildFile section */

/* Begin PBXContainerItemProxy section */
		3652080A28D879BB000B86B1 /* PBXContainerItemProxy */ = {
			isa = PBXContainerItemProxy;
			containerPortal = 365207EB28D879B7000B86B1 /* Project object */;
			proxyType = 1;
			remoteGlobalIDString = 365207F228D879B8000B86B1;
			remoteInfo = GithubTesting;
		};
		3652081428D879BB000B86B1 /* PBXContainerItemProxy */ = {
			isa = PBXContainerItemProxy;
			containerPortal = 365207EB28D879B7000B86B1 /* Project object */;
			proxyType = 1;
			remoteGlobalIDString = 365207F228D879B8000B86B1;
			remoteInfo = GithubTesting;
		};
/* End PBXContainerItemProxy section */

/* Begin PBXFileReference section */
		365207F328D879B8000B86B1 /* GithubTesting.app */ = {isa = PBXFileReference; explicitFileType = wrapper.application; includeInIndex = 0; path = GithubTesting.app; sourceTree = BUILT_PRODUCTS_DIR; };
		365207F628D879B8000B86B1 /* AppDelegate.swift */ = {isa = PBXFileReference; lastKnownFileType = sourcecode.swift; path = AppDelegate.swift; sourceTree = "<group>"; };
		365207F828D879B8000B86B1 /* SceneDelegate.swift */ = {isa = PBXFileReference; lastKnownFileType = sourcecode.swift; path = SceneDelegate.swift; sourceTree = "<group>"; };
		365207FA28D879B8000B86B1 /* ViewController.swift */ = {isa = PBXFileReference; lastKnownFileType = sourcecode.swift; path = ViewController.swift; sourceTree = "<group>"; };
		365207FD28D879B8000B86B1 /* Base */ = {isa = PBXFileReference; lastKnownFileType = file.storyboard; name = Base; path = Base.lproj/Main.storyboard; sourceTree = "<group>"; };
		365207FF28D879BB000B86B1 /* Assets.xcassets */ = {isa = PBXFileReference; lastKnownFileType = folder.assetcatalog; path = Assets.xcassets; sourceTree = "<group>"; };
		3652080228D879BB000B86B1 /* Base */ = {isa = PBXFileReference; lastKnownFileType = file.storyboard; name = Base; path = Base.lproj/LaunchScreen.storyboard; sourceTree = "<group>"; };
		3652080428D879BB000B86B1 /* Info.plist */ = {isa = PBXFileReference; lastKnownFileType = text.plist.xml; path = Info.plist; sourceTree = "<group>"; };
		3652080928D879BB000B86B1 /* GithubTestingTests.xctest */ = {isa = PBXFileReference; explicitFileType = wrapper.cfbundle; includeInIndex = 0; path = GithubTestingTests.xctest; sourceTree = BUILT_PRODUCTS_DIR; };
		3652080D28D879BB000B86B1 /* GithubTestingTests.swift */ = {isa = PBXFileReference; lastKnownFileType = sourcecode.swift; path = GithubTestingTests.swift; sourceTree = "<group>"; };
		3652081328D879BB000B86B1 /* GithubTestingUITests.xctest */ = {isa = PBXFileReference; explicitFileType = wrapper.cfbundle; includeInIndex = 0; path = GithubTestingUITests.xctest; sourceTree = BUILT_PRODUCTS_DIR; };
		3652081728D879BB000B86B1 /* GithubTestingUITests.swift */ = {isa = PBXFileReference; lastKnownFileType = sourcecode.swift; path = GithubTestingUITests.swift; sourceTree = "<group>"; };
		3652081928D879BB000B86B1 /* GithubTestingUITestsLaunchTests.swift */ = {isa = PBXFileReference; lastKnownFileType = sourcecode.swift; path = GithubTestingUITestsLaunchTests.swift; sourceTree = "<group>"; };
/* End PBXFileReference section */

/* Begin PBXFrameworksBuildPhase section */
		365207F028D879B8000B86B1 /* Frameworks */ = {
			isa = PBXFrameworksBuildPhase;
			buildActionMask = 2147483647;
			files = (
			);
			runOnlyForDeploymentPostprocessing = 0;
		};
		3652080628D879BB000B86B1 /* Frameworks */ = {
			isa = PBXFrameworksBuildPhase;
			buildActionMask = 2147483647;
			files = (
			);
			runOnlyForDeploymentPostprocessing = 0;
		};
		3652081028D879BB000B86B1 /* Frameworks */ = {
			isa = PBXFrameworksBuildPhase;
			buildActionMask = 2147483647;
			files = (
			);
			runOnlyForDeploymentPostprocessing = 0;
		};
/* End PBXFrameworksBuildPhase section */

/* Begin PBXGroup section */
		365207EA28D879B7000B86B1 = {
			isa = PBXGroup;
			children = (
				365207F528D879B8000B86B1 /* GithubTesting */,
				3652080C28D879BB000B86B1 /* GithubTestingTests */,
				3652081628D879BB000B86B1 /* GithubTestingUITests */,
				365207F428D879B8000B86B1 /* Products */,
			);
			sourceTree = "<group>";
		};
		365207F428D879B8000B86B1 /* Products */ = {
			isa = PBXGroup;
			children = (
				365207F328D879B8000B86B1 /* GithubTesting.app */,
				3652080928D879BB000B86B1 /* GithubTestingTests.xctest */,
				3652081328D879BB000B86B1 /* GithubTestingUITests.xctest */,
			);
			name = Products;
			sourceTree = "<group>";
		};
		365207F528D879B8000B86B1 /* GithubTesting */ = {
			isa = PBXGroup;
			children = (
				365207F628D879B8000B86B1 /* AppDelegate.swift */,
				365207F828D879B8000B86B1 /* SceneDelegate.swift */,
				365207FA28D879B8000B86B1 /* ViewController.swift */,
				365207FC28D879B8000B86B1 /* Main.storyboard */,
				365207FF28D879BB000B86B1 /* Assets.xcassets */,
				3652080128D879BB000B86B1 /* LaunchScreen.storyboard */,
				3652080428D879BB000B86B1 /* Info.plist */,
			);
			path = GithubTesting;
			sourceTree = "<group>";
		};
		3652080C28D879BB000B86B1 /* GithubTestingTests */ = {
			isa = PBXGroup;
			children = (
				3652080D28D879BB000B86B1 /* GithubTestingTests.swift */,
			);
			path = GithubTestingTests;
			sourceTree = "<group>";
		};
		3652081628D879BB000B86B1 /* GithubTestingUITests */ = {
			isa = PBXGroup;
			children = (
				3652081728D879BB000B86B1 /* GithubTestingUITests.swift */,
				3652081928D879BB000B86B1 /* GithubTestingUITestsLaunchTests.swift */,
			);
			path = GithubTestingUITests;
			sourceTree = "<group>";
		};
/* End PBXGroup section */

/* Begin PBXNativeTarget section */
		365207F228D879B8000B86B1 /* GithubTesting */ = {
			isa = PBXNativeTarget;
			buildConfigurationList = 3652081D28D879BB000B86B1 /* Build configuration list for PBXNativeTarget "GithubTesting" */;
			buildPhases = (
				365207EF28D879B8000B86B1 /* Sources */,
				365207F028D879B8000B86B1 /* Frameworks */,
				365207F128D879B8000B86B1 /* Resources */,
			);
			buildRules = (
			);
			dependencies = (
			);
			name = GithubTesting;
			productName = GithubTesting;
			productReference = 365207F328D879B8000B86B1 /* GithubTesting.app */;
			productType = "com.apple.product-type.application";
		};
		3652080828D879BB000B86B1 /* GithubTestingTests */ = {
			isa = PBXNativeTarget;
			buildConfigurationList = 3652082028D879BB000B86B1 /* Build configuration list for PBXNativeTarget "GithubTestingTests" */;
			buildPhases = (
				3652080528D879BB000B86B1 /* Sources */,
				3652080628D879BB000B86B1 /* Frameworks */,
				3652080728D879BB000B86B1 /* Resources */,
			);
			buildRules = (
			);
			dependencies = (
				3652080B28D879BB000B86B1 /* PBXTargetDependency */,
			);
			name = GithubTestingTests;
			productName = GithubTestingTests;
			productReference = 3652080928D879BB000B86B1 /* GithubTestingTests.xctest */;
			productType = "com.apple.product-type.bundle.unit-test";
		};
		3652081228D879BB000B86B1 /* GithubTestingUITests */ = {
			isa = PBXNativeTarget;
			buildConfigurationList = 3652082328D879BB000B86B1 /* Build configuration list for PBXNativeTarget "GithubTestingUITests" */;
			buildPhases = (
				3652080F28D879BB000B86B1 /* Sources */,
				3652081028D879BB000B86B1 /* Frameworks */,
				3652081128D879BB000B86B1 /* Resources */,
			);
			buildRules = (
			);
			dependencies = (
				3652081528D879BB000B86B1 /* PBXTargetDependency */,
			);
			name = GithubTestingUITests;
			productName = GithubTestingUITests;
			productReference = 3652081328D879BB000B86B1 /* GithubTestingUITests.xctest */;
			productType = "com.apple.product-type.bundle.ui-testing";
		};
/* End PBXNativeTarget section */

/* Begin PBXProject section */
		365207EB28D879B7000B86B1 /* Project object */ = {
			isa = PBXProject;
			attributes = {
				BuildIndependentTargetsInParallel = 1;
				LastSwiftUpdateCheck = 1340;
				LastUpgradeCheck = 1340;
				TargetAttributes = {
					365207F228D879B8000B86B1 = {
						CreatedOnToolsVersion = 13.4.1;
					};
					3652080828D879BB000B86B1 = {
						CreatedOnToolsVersion = 13.4.1;
						TestTargetID = 365207F228D879B8000B86B1;
					};
					3652081228D879BB000B86B1 = {
						CreatedOnToolsVersion = 13.4.1;
						TestTargetID = 365207F228D879B8000B86B1;
					};
				};
			};
			buildConfigurationList = 365207EE28D879B7000B86B1 /* Build configuration list for PBXProject "GithubTesting" */;
			compatibilityVersion = "Xcode 13.0";
			developmentRegion = en;
			hasScannedForEncodings = 0;
			knownRegions = (
				en,
				Base,
			);
			mainGroup = 365207EA28D879B7000B86B1;
			productRefGroup = 365207F428D879B8000B86B1 /* Products */;
			projectDirPath = "";
			projectRoot = "";
			targets = (
				365207F228D879B8000B86B1 /* GithubTesting */,
				3652080828D879BB000B86B1 /* GithubTestingTests */,
				3652081228D879BB000B86B1 /* GithubTestingUITests */,
			);
		};
/* End PBXProject section */

/* Begin PBXResourcesBuildPhase section */
		365207F128D879B8000B86B1 /* Resources */ = {
			isa = PBXResourcesBuildPhase;
			buildActionMask = 2147483647;
			files = (
				3652080328D879BB000B86B1 /* LaunchScreen.storyboard in Resources */,
				3652080028D879BB000B86B1 /* Assets.xcassets in Resources */,
				365207FE28D879B8000B86B1 /* Main.storyboard in Resources */,
			);
			runOnlyForDeploymentPostprocessing = 0;
		};
		3652080728D879BB000B86B1 /* Resources */ = {
			isa = PBXResourcesBuildPhase;
			buildActionMask = 2147483647;
			files = (
			);
			runOnlyForDeploymentPostprocessing = 0;
		};
		3652081128D879BB000B86B1 /* Resources */ = {
			isa = PBXResourcesBuildPhase;
			buildActionMask = 2147483647;
			files = (
			);
			runOnlyForDeploymentPostprocessing = 0;
		};
/* End PBXResourcesBuildPhase section */

/* Begin PBXSourcesBuildPhase section */
		365207EF28D879B8000B86B1 /* Sources */ = {
			isa = PBXSourcesBuildPhase;
			buildActionMask = 2147483647;
			files = (
				365207FB28D879B8000B86B1 /* ViewController.swift in Sources */,
				365207F728D879B8000B86B1 /* AppDelegate.swift in Sources */,
				365207F928D879B8000B86B1 /* SceneDelegate.swift in Sources */,
			);
			runOnlyForDeploymentPostprocessing = 0;
		};
		3652080528D879BB000B86B1 /* Sources */ = {
			isa = PBXSourcesBuildPhase;
			buildActionMask = 2147483647;
			files = (
				3652080E28D879BB000B86B1 /* GithubTestingTests.swift in Sources */,
			);
			runOnlyForDeploymentPostprocessing = 0;
		};
		3652080F28D879BB000B86B1 /* Sources */ = {
			isa = PBXSourcesBuildPhase;
			buildActionMask = 2147483647;
			files = (
				3652081A28D879BB000B86B1 /* GithubTestingUITestsLaunchTests.swift in Sources */,
				3652081828D879BB000B86B1 /* GithubTestingUITests.swift in Sources */,
			);
			runOnlyForDeploymentPostprocessing = 0;
		};
/* End PBXSourcesBuildPhase section */

/* Begin PBXTargetDependency section */
		3652080B28D879BB000B86B1 /* PBXTargetDependency */ = {
			isa = PBXTargetDependency;
			target = 365207F228D879B8000B86B1 /* GithubTesting */;
			targetProxy = 3652080A28D879BB000B86B1 /* PBXContainerItemProxy */;
		};
		3652081528D879BB000B86B1 /* PBXTargetDependency */ = {
			isa = PBXTargetDependency;
			target = 365207F228D879B8000B86B1 /* GithubTesting */;
			targetProxy = 3652081428D879BB000B86B1 /* PBXContainerItemProxy */;
		};
/* End PBXTargetDependency section */

/* Begin PBXVariantGroup section */
		365207FC28D879B8000B86B1 /* Main.storyboard */ = {
			isa = PBXVariantGroup;
			children = (
				365207FD28D879B8000B86B1 /* Base */,
			);
			name = Main.storyboard;
			sourceTree = "<group>";
		};
		3652080128D879BB000B86B1 /* LaunchScreen.storyboard */ = {
			isa = PBXVariantGroup;
			children = (
				3652080228D879BB000B86B1 /* Base */,
			);
			name = LaunchScreen.storyboard;
			sourceTree = "<group>";
		};
/* End PBXVariantGroup section */

/* Begin XCBuildConfiguration section */
		3652081B28D879BB000B86B1 /* Debug */ = {
			isa = XCBuildConfiguration;
			buildSettings = {
				ALWAYS_SEARCH_USER_PATHS = NO;
				CLANG_ANALYZER_NONNULL = YES;
				CLANG_ANALYZER_NUMBER_OBJECT_CONVERSION = YES_AGGRESSIVE;
				CLANG_CXX_LANGUAGE_STANDARD = "gnu++17";
				CLANG_ENABLE_MODULES = YES;
				CLANG_ENABLE_OBJC_ARC = YES;
				CLANG_ENABLE_OBJC_WEAK = YES;
				CLANG_WARN_BLOCK_CAPTURE_AUTORELEASING = YES;
				CLANG_WARN_BOOL_CONVERSION = YES;
				CLANG_WARN_COMMA = YES;
				CLANG_WARN_CONSTANT_CONVERSION = YES;
				CLANG_WARN_DEPRECATED_OBJC_IMPLEMENTATIONS = YES;
				CLANG_WARN_DIRECT_OBJC_ISA_USAGE = YES_ERROR;
				CLANG_WARN_DOCUMENTATION_COMMENTS = YES;
				CLANG_WARN_EMPTY_BODY = YES;
				CLANG_WARN_ENUM_CONVERSION = YES;
				CLANG_WARN_INFINITE_RECURSION = YES;
				CLANG_WARN_INT_CONVERSION = YES;
				CLANG_WARN_NON_LITERAL_NULL_CONVERSION = YES;
				CLANG_WARN_OBJC_IMPLICIT_RETAIN_SELF = YES;
				CLANG_WARN_OBJC_LITERAL_CONVERSION = YES;
				CLANG_WARN_OBJC_ROOT_CLASS = YES_ERROR;
				CLANG_WARN_QUOTED_INCLUDE_IN_FRAMEWORK_HEADER = YES;
				CLANG_WARN_RANGE_LOOP_ANALYSIS = YES;
				CLANG_WARN_STRICT_PROTOTYPES = YES;
				CLANG_WARN_SUSPICIOUS_MOVE = YES;
				CLANG_WARN_UNGUARDED_AVAILABILITY = YES_AGGRESSIVE;
				CLANG_WARN_UNREACHABLE_CODE = YES;
				CLANG_WARN__DUPLICATE_METHOD_MATCH = YES;
				COPY_PHASE_STRIP = NO;
				DEBUG_INFORMATION_FORMAT = dwarf;
				ENABLE_STRICT_OBJC_MSGSEND = YES;
				ENABLE_TESTABILITY = YES;
				GCC_C_LANGUAGE_STANDARD = gnu11;
				GCC_DYNAMIC_NO_PIC = NO;
				GCC_NO_COMMON_BLOCKS = YES;
				GCC_OPTIMIZATION_LEVEL = 0;
				GCC_PREPROCESSOR_DEFINITIONS = (
					"DEBUG=1",
					"$(inherited)",
				);
				GCC_WARN_64_TO_32_BIT_CONVERSION = YES;
				GCC_WARN_ABOUT_RETURN_TYPE = YES_ERROR;
				GCC_WARN_UNDECLARED_SELECTOR = YES;
				GCC_WARN_UNINITIALIZED_AUTOS = YES_AGGRESSIVE;
				GCC_WARN_UNUSED_FUNCTION = YES;
				GCC_WARN_UNUSED_VARIABLE = YES;
				IPHONEOS_DEPLOYMENT_TARGET = 15.5;
				MTL_ENABLE_DEBUG_INFO = INCLUDE_SOURCE;
				MTL_FAST_MATH = YES;
				ONLY_ACTIVE_ARCH = YES;
				SDKROOT = iphoneos;
				SWIFT_ACTIVE_COMPILATION_CONDITIONS = DEBUG;
				SWIFT_OPTIMIZATION_LEVEL = "-Onone";
			};
			name = Debug;
		};
		3652081C28D879BB000B86B1 /* Release */ = {
			isa = XCBuildConfiguration;
			buildSettings = {
				ALWAYS_SEARCH_USER_PATHS = NO;
				CLANG_ANALYZER_NONNULL = YES;
				CLANG_ANALYZER_NUMBER_OBJECT_CONVERSION = YES_AGGRESSIVE;
				CLANG_CXX_LANGUAGE_STANDARD = "gnu++17";
				CLANG_ENABLE_MODULES = YES;
				CLANG_ENABLE_OBJC_ARC = YES;
				CLANG_ENABLE_OBJC_WEAK = YES;
				CLANG_WARN_BLOCK_CAPTURE_AUTORELEASING = YES;
				CLANG_WARN_BOOL_CONVERSION = YES;
				CLANG_WARN_COMMA = YES;
				CLANG_WARN_CONSTANT_CONVERSION = YES;
				CLANG_WARN_DEPRECATED_OBJC_IMPLEMENTATIONS = YES;
				CLANG_WARN_DIRECT_OBJC_ISA_USAGE = YES_ERROR;
				CLANG_WARN_DOCUMENTATION_COMMENTS = YES;
				CLANG_WARN_EMPTY_BODY = YES;
				CLANG_WARN_ENUM_CONVERSION = YES;
				CLANG_WARN_INFINITE_RECURSION = YES;
				CLANG_WARN_INT_CONVERSION = YES;
				CLANG_WARN_NON_LITERAL_NULL_CONVERSION = YES;
				CLANG_WARN_OBJC_IMPLICIT_RETAIN_SELF = YES;
				CLANG_WARN_OBJC_LITERAL_CONVERSION = YES;
				CLANG_WARN_OBJC_ROOT_CLASS = YES_ERROR;
				CLANG_WARN_QUOTED_INCLUDE_IN_FRAMEWORK_HEADER = YES;
				CLANG_WARN_RANGE_LOOP_ANALYSIS = YES;
				CLANG_WARN_STRICT_PROTOTYPES = YES;
				CLANG_WARN_SUSPICIOUS_MOVE = YES;
				CLANG_WARN_UNGUARDED_AVAILABILITY = YES_AGGRESSIVE;
				CLANG_WARN_UNREACHABLE_CODE = YES;
				CLANG_WARN__DUPLICATE_METHOD_MATCH = YES;
				COPY_PHASE_STRIP = NO;
				DEBUG_INFORMATION_FORMAT = "dwarf-with-dsym";
				ENABLE_NS_ASSERTIONS = NO;
				ENABLE_STRICT_OBJC_MSGSEND = YES;
				GCC_C_LANGUAGE_STANDARD = gnu11;
				GCC_NO_COMMON_BLOCKS = YES;
				GCC_WARN_64_TO_32_BIT_CONVERSION = YES;
				GCC_WARN_ABOUT_RETURN_TYPE = YES_ERROR;
				GCC_WARN_UNDECLARED_SELECTOR = YES;
				GCC_WARN_UNINITIALIZED_AUTOS = YES_AGGRESSIVE;
				GCC_WARN_UNUSED_FUNCTION = YES;
				GCC_WARN_UNUSED_VARIABLE = YES;
				IPHONEOS_DEPLOYMENT_TARGET = 15.5;
				MTL_ENABLE_DEBUG_INFO = NO;
				MTL_FAST_MATH = YES;
				SDKROOT = iphoneos;
				SWIFT_COMPILATION_MODE = wholemodule;
				SWIFT_OPTIMIZATION_LEVEL = "-O";
				VALIDATE_PRODUCT = YES;
			};
			name = Release;
		};
		3652081E28D879BB000B86B1 /* Debug */ = {
			isa = XCBuildConfiguration;
			buildSettings = {
				ASSETCATALOG_COMPILER_APPICON_NAME = AppIcon;
				ASSETCATALOG_COMPILER_GLOBAL_ACCENT_COLOR_NAME = AccentColor;
				CODE_SIGN_STYLE = Automatic;
				CURRENT_PROJECT_VERSION = 1;
				GENERATE_INFOPLIST_FILE = YES;
				INFOPLIST_FILE = GithubTesting/Info.plist;
				INFOPLIST_KEY_UIApplicationSupportsIndirectInputEvents = YES;
				INFOPLIST_KEY_UILaunchStoryboardName = LaunchScreen;
				INFOPLIST_KEY_UIMainStoryboardFile = Main;
				INFOPLIST_KEY_UISupportedInterfaceOrientations_iPad = "UIInterfaceOrientationPortrait UIInterfaceOrientationPortraitUpsideDown UIInterfaceOrientationLandscapeLeft UIInterfaceOrientationLandscapeRight";
				INFOPLIST_KEY_UISupportedInterfaceOrientations_iPhone = "UIInterfaceOrientationPortrait UIInterfaceOrientationLandscapeLeft UIInterfaceOrientationLandscapeRight";
				LD_RUNPATH_SEARCH_PATHS = (
					"$(inherited)",
					"@executable_path/Frameworks",
				);
				MARKETING_VERSION = 1.0;
				PRODUCT_BUNDLE_IDENTIFIER = com.capgemini.GithubTesting;
				PRODUCT_NAME = "$(TARGET_NAME)";
				SWIFT_EMIT_LOC_STRINGS = YES;
				SWIFT_VERSION = 5.0;
				TARGETED_DEVICE_FAMILY = "1,2";
			};
			name = Debug;
		};
		3652081F28D879BB000B86B1 /* Release */ = {
			isa = XCBuildConfiguration;
			buildSettings = {
				ASSETCATALOG_COMPILER_APPICON_NAME = AppIcon;
				ASSETCATALOG_COMPILER_GLOBAL_ACCENT_COLOR_NAME = AccentColor;
				CODE_SIGN_STYLE = Automatic;
				CURRENT_PROJECT_VERSION = 1;
				GENERATE_INFOPLIST_FILE = YES;
				INFOPLIST_FILE = GithubTesting/Info.plist;
				INFOPLIST_KEY_UIApplicationSupportsIndirectInputEvents = YES;
				INFOPLIST_KEY_UILaunchStoryboardName = LaunchScreen;
				INFOPLIST_KEY_UIMainStoryboardFile = Main;
				INFOPLIST_KEY_UISupportedInterfaceOrientations_iPad = "UIInterfaceOrientationPortrait UIInterfaceOrientationPortraitUpsideDown UIInterfaceOrientationLandscapeLeft UIInterfaceOrientationLandscapeRight";
				INFOPLIST_KEY_UISupportedInterfaceOrientations_iPhone = "UIInterfaceOrientationPortrait UIInterfaceOrientationLandscapeLeft UIInterfaceOrientationLandscapeRight";
				LD_RUNPATH_SEARCH_PATHS = (
					"$(inherited)",
					"@executable_path/Frameworks",
				);
				MARKETING_VERSION = 1.0;
				PRODUCT_BUNDLE_IDENTIFIER = com.capgemini.GithubTesting;
				PRODUCT_NAME = "$(TARGET_NAME)";
				SWIFT_EMIT_LOC_STRINGS = YES;
				SWIFT_VERSION = 5.0;
				TARGETED_DEVICE_FAMILY = "1,2";
			};
			name = Release;
		};
		3652082128D879BB000B86B1 /* Debug */ = {
			isa = XCBuildConfiguration;
			buildSettings = {
				ALWAYS_EMBED_SWIFT_STANDARD_LIBRARIES = YES;
				BUNDLE_LOADER = "$(TEST_HOST)";
				CODE_SIGN_STYLE = Automatic;
				CURRENT_PROJECT_VERSION = 1;
				GENERATE_INFOPLIST_FILE = YES;
				IPHONEOS_DEPLOYMENT_TARGET = 15.5;
				MARKETING_VERSION = 1.0;
				PRODUCT_BUNDLE_IDENTIFIER = com.capgemini.GithubTestingTests;
				PRODUCT_NAME = "$(TARGET_NAME)";
				SWIFT_EMIT_LOC_STRINGS = NO;
				SWIFT_VERSION = 5.0;
				TARGETED_DEVICE_FAMILY = "1,2";
				TEST_HOST = "$(BUILT_PRODUCTS_DIR)/GithubTesting.app/GithubTesting";
			};
			name = Debug;
		};
		3652082228D879BB000B86B1 /* Release */ = {
			isa = XCBuildConfiguration;
			buildSettings = {
				ALWAYS_EMBED_SWIFT_STANDARD_LIBRARIES = YES;
				BUNDLE_LOADER = "$(TEST_HOST)";
				CODE_SIGN_STYLE = Automatic;
				CURRENT_PROJECT_VERSION = 1;
				GENERATE_INFOPLIST_FILE = YES;
				IPHONEOS_DEPLOYMENT_TARGET = 15.5;
				MARKETING_VERSION = 1.0;
				PRODUCT_BUNDLE_IDENTIFIER = com.capgemini.GithubTestingTests;
				PRODUCT_NAME = "$(TARGET_NAME)";
				SWIFT_EMIT_LOC_STRINGS = NO;
				SWIFT_VERSION = 5.0;
				TARGETED_DEVICE_FAMILY = "1,2";
				TEST_HOST = "$(BUILT_PRODUCTS_DIR)/GithubTesting.app/GithubTesting";
			};
			name = Release;
		};
		3652082428D879BB000B86B1 /* Debug */ = {
			isa = XCBuildConfiguration;
			buildSettings = {
				ALWAYS_EMBED_SWIFT_STANDARD_LIBRARIES = YES;
				CODE_SIGN_STYLE = Automatic;
				CURRENT_PROJECT_VERSION = 1;
				GENERATE_INFOPLIST_FILE = YES;
				MARKETING_VERSION = 1.0;
				PRODUCT_BUNDLE_IDENTIFIER = com.capgemini.GithubTestingUITests;
				PRODUCT_NAME = "$(TARGET_NAME)";
				SWIFT_EMIT_LOC_STRINGS = NO;
				SWIFT_VERSION = 5.0;
				TARGETED_DEVICE_FAMILY = "1,2";
				TEST_TARGET_NAME = GithubTesting;
			};
			name = Debug;
		};
		3652082528D879BB000B86B1 /* Release */ = {
			isa = XCBuildConfiguration;
			buildSettings = {
				ALWAYS_EMBED_SWIFT_STANDARD_LIBRARIES = YES;
				CODE_SIGN_STYLE = Automatic;
				CURRENT_PROJECT_VERSION = 1;
				GENERATE_INFOPLIST_FILE = YES;
				MARKETING_VERSION = 1.0;
				PRODUCT_BUNDLE_IDENTIFIER = com.capgemini.GithubTestingUITests;
				PRODUCT_NAME = "$(TARGET_NAME)";
				SWIFT_EMIT_LOC_STRINGS = NO;
				SWIFT_VERSION = 5.0;
				TARGETED_DEVICE_FAMILY = "1,2";
				TEST_TARGET_NAME = GithubTesting;
			};
			name = Release;
		};
/* End XCBuildConfiguration section */

/* Begin XCConfigurationList section */
		365207EE28D879B7000B86B1 /* Build configuration list for PBXProject "GithubTesting" */ = {
			isa = XCConfigurationList;
			buildConfigurations = (
				3652081B28D879BB000B86B1 /* Debug */,
				3652081C28D879BB000B86B1 /* Release */,
			);
			defaultConfigurationIsVisible = 0;
			defaultConfigurationName = Release;
		};
		3652081D28D879BB000B86B1 /* Build configuration list for PBXNativeTarget "GithubTesting" */ = {
			isa = XCConfigurationList;
			buildConfigurations = (
				3652081E28D879BB000B86B1 /* Debug */,
				3652081F28D879BB000B86B1 /* Release */,
			);
			defaultConfigurationIsVisible = 0;
			defaultConfigurationName = Release;
		};
		3652082028D879BB000B86B1 /* Build configuration list for PBXNativeTarget "GithubTestingTests" */ = {
			isa = XCConfigurationList;
			buildConfigurations = (
				3652082128D879BB000B86B1 /* Debug */,
				3652082228D879BB000B86B1 /* Release */,
			);
			defaultConfigurationIsVisible = 0;
			defaultConfigurationName = Release;
		};
		3652082328D879BB000B86B1 /* Build configuration list for PBXNativeTarget "GithubTestingUITests" */ = {
			isa = XCConfigurationList;
			buildConfigurations = (
				3652082428D879BB000B86B1 /* Debug */,
				3652082528D879BB000B86B1 /* Release */,
			);
			defaultConfigurationIsVisible = 0;
			defaultConfigurationName = Release;
		};
/* End XCConfigurationList section */
	};
	rootObject = 365207EB28D879B7000B86B1 /* Project object */;
}
